Microsoft Visual Studio Solution File, Format Version 12.00
# Visual Studio Version 16
VisualStudioVersion = 16.0.30717.126
MinimumVisualStudioVersion = 10.0.40219.1
Project("{9A19103F-16F7-4668-BE54-9A1E7A4F7556}") = "TechJobsOO", "TechJobsOO\TechJobsOO.csproj", "{C76D48E1-4C5C-4DB4-89A2-DBACCF4CBE4F}"
EndProject
Project("{FAE04EC0-301F-11D3-BF4B-00C04F79EFBC}") = "TechJobs00Test", "TechJobs00Test\TechJobs00Test.csproj", "{BD1E4741-6FC2-474D-B97B-E2DD20A2953D}"
	ProjectSection(ProjectDependencies) = postProject
		{C76D48E1-4C5C-4DB4-89A2-DBACCF4CBE4F} = {C76D48E1-4C5C-4DB4-89A2-DBACCF4CBE4F}
	EndProjectSection
EndProject
Global
	GlobalSection(SolutionConfigurationPlatforms) = preSolution
		Debug|Any CPU = Debug|Any CPU
		Release|Any CPU = Release|Any CPU
	EndGlobalSection
	GlobalSection(ProjectConfigurationPlatforms) = postSolution
		{C76D48E1-4C5C-4DB4-89A2-DBACCF4CBE4F}.Debug|Any CPU.ActiveCfg = Debug|Any CPU
		{C76D48E1-4C5C-4DB4-89A2-DBACCF4CBE4F}.Debug|Any CPU.Build.0 = Debug|Any CPU
		{C76D48E1-4C5C-4DB4-89A2-DBACCF4CBE4F}.Release|Any CPU.ActiveCfg = Release|Any CPU
		{C76D48E1-4C5C-4DB4-89A2-DBACCF4CBE4F}.Release|Any CPU.Build.0 = Release|Any CPU
		{BD1E4741-6FC2-474D-B97B-E2DD20A2953D}.Debug|Any CPU.ActiveCfg = Debug|Any CPU
		{BD1E4741-6FC2-474D-B97B-E2DD20A2953D}.Debug|Any CPU.Build.0 = Debug|Any CPU
		{BD1E4741-6FC2-474D-B97B-E2DD20A2953D}.Release|Any CPU.ActiveCfg = Release|Any CPU
		{BD1E4741-6FC2-474D-B97B-E2DD20A2953D}.Release|Any CPU.Build.0 = Release|Any CPU
	EndGlobalSection
	GlobalSection(SolutionProperties) = preSolution
		HideSolutionNode = FALSE
	EndGlobalSection
	GlobalSection(ExtensibilityGlobals) = postSolution
		SolutionGuid = {7AF5E845-DA29-473A-810D-6D0D4050A907}
	EndGlobalSection
EndGlobal
